
Microsoft Visual Studio Solution File, Format Version 12.00
# Visual Studio Version 16
VisualStudioVersion = 16.0.30114.105
MinimumVisualStudioVersion = 10.0.40219.1
Project("{FAE04EC0-301F-11D3-BF4B-00C04F79EFBC}") = "BinaryNode", "BinaryNode\BinaryNode.csproj", "{1019232E-9A07-4581-9913-461B3A5AE8E6}"
EndProject
Project("{FAE04EC0-301F-11D3-BF4B-00C04F79EFBC}") = "NaryNode", "NaryNode\NaryNode.csproj", "{1D58BCA4-1354-4EBF-AE3F-058D7BEC1A04}"
EndProject
Global
	GlobalSection(SolutionConfigurationPlatforms) = preSolution
		Debug|Any CPU = Debug|Any CPU
		Release|Any CPU = Release|Any CPU
	EndGlobalSection
	GlobalSection(SolutionProperties) = preSolution
		HideSolutionNode = FALSE
	EndGlobalSection
	GlobalSection(ProjectConfigurationPlatforms) = postSolution
		{1019232E-9A07-4581-9913-461B3A5AE8E6}.Debug|Any CPU.ActiveCfg = Debug|Any CPU
		{1019232E-9A07-4581-9913-461B3A5AE8E6}.Debug|Any CPU.Build.0 = Debug|Any CPU
		{1019232E-9A07-4581-9913-461B3A5AE8E6}.Release|Any CPU.ActiveCfg = Release|Any CPU
		{1019232E-9A07-4581-9913-461B3A5AE8E6}.Release|Any CPU.Build.0 = Release|Any CPU
		{1D58BCA4-1354-4EBF-AE3F-058D7BEC1A04}.Debug|Any CPU.ActiveCfg = Debug|Any CPU
		{1D58BCA4-1354-4EBF-AE3F-058D7BEC1A04}.Debug|Any CPU.Build.0 = Debug|Any CPU
		{1D58BCA4-1354-4EBF-AE3F-058D7BEC1A04}.Release|Any CPU.ActiveCfg = Release|Any CPU
		{1D58BCA4-1354-4EBF-AE3F-058D7BEC1A04}.Release|Any CPU.Build.0 = Release|Any CPU
	EndGlobalSection
EndGlobal
